
Microsoft Visual Studio Solution File, Format Version 12.00
# Visual Studio Version 17
VisualStudioVersion = 17.14.36623.8
MinimumVisualStudioVersion = 10.0.40219.1
Project("{2150E333-8FDC-42A3-9474-1A3956D46DE8}") = "Services", "Services", "{02EA681E-C7D8-13C7-8484-4AC65E1B71E8}"
EndProject
Project("{2150E333-8FDC-42A3-9474-1A3956D46DE8}") = "Identity", "Identity", "{2A4BDB98-5E92-4B2D-9FC6-47CBE8A9247E}"
EndProject
Project("{2150E333-8FDC-42A3-9474-1A3956D46DE8}") = "UserProfile", "UserProfile", "{C35694A4-E9E8-483A-BA9E-A3B9B6460A6E}"
EndProject
Project("{2150E333-8FDC-42A3-9474-1A3956D46DE8}") = "WorkoutCatalog", "WorkoutCatalog", "{FC7D91B7-54E5-4481-B6EE-EE269BCA1426}"
EndProject
Project("{2150E333-8FDC-42A3-9474-1A3956D46DE8}") = "Notifications", "Notifications", "{48C99353-5EF4-4CC3-BAF5-CF12B6FD2EFF}"
EndProject
Project("{2150E333-8FDC-42A3-9474-1A3956D46DE8}") = "Reports", "Reports", "{9F317D16-4851-456C-8437-4D08DE9B924B}"
EndProject
Project("{2150E333-8FDC-42A3-9474-1A3956D46DE8}") = "Nutrition", "Nutrition", "{92FDD71A-4CA4-4311-8731-7374077AF899}"
EndProject
Project("{2150E333-8FDC-42A3-9474-1A3956D46DE8}") = "UserTrainingTracking", "UserTrainingTracking", "{FABB8779-A923-4BAB-9F74-1B7C1162AACE}"
EndProject
Project("{2150E333-8FDC-42A3-9474-1A3956D46DE8}") = "APIgateway", "APIgateway", "{A34C38B2-13B1-4069-B338-E88963DBA04C}"
EndProject
Project("{FAE04EC0-301F-11D3-BF4B-00C04F79EFBC}") = "Identity.Api", "Identity.Api\Identity.Api.csproj", "{25D00EA3-6EB3-4031-9A9C-0B067A68F88F}"
EndProject
Project("{FAE04EC0-301F-11D3-BF4B-00C04F79EFBC}") = "Notifications.Api", "Notifications\Notifications.Api.csproj", "{0C3EBAFB-11DA-45C6-9DB3-7EEF05BE579D}"
EndProject
Project("{FAE04EC0-301F-11D3-BF4B-00C04F79EFBC}") = "Nutrition.Api", "Nutrition\Nutrition.Api.csproj", "{20D4B87D-377E-437D-9073-5485F62FEEFB}"
EndProject
Project("{FAE04EC0-301F-11D3-BF4B-00C04F79EFBC}") = "Reports.Api", "Reports\Reports.Api.csproj", "{3FEAD9C4-7809-4081-8AC9-222F48957040}"
EndProject
Project("{FAE04EC0-301F-11D3-BF4B-00C04F79EFBC}") = "UserProfile.Api", "UserProfile\UserProfile.Api.csproj", "{0A0194F5-E096-42D5-B0B6-97526C57ABC8}"
EndProject
Project("{FAE04EC0-301F-11D3-BF4B-00C04F79EFBC}") = "UserTrainingTracking.Api", "UserTrainingTracking\UserTrainingTracking.Api.csproj", "{5096705C-8F7C-4DA8-BBD3-9E0FBC84FB91}"
EndProject
Project("{FAE04EC0-301F-11D3-BF4B-00C04F79EFBC}") = "WorkoutCatalog.Api", "WorkoutCatalog.Api\WorkoutCatalog.Api.csproj", "{54FAD55F-2A7D-4EA0-92D0-31C2991EB791}"
EndProject
Project("{FAE04EC0-301F-11D3-BF4B-00C04F79EFBC}") = "ApiGateway.Api", "ApiGateway.Api\ApiGateway.Api.csproj", "{C79A2C63-EC5A-4175-B83F-5E2B423B1D6B}"
EndProject
Project("{FAE04EC0-301F-11D3-BF4B-00C04F79EFBC}") = "Identity.Application", "Identity.Application\Identity.Application.csproj", "{90CB44A3-33C7-4E50-B364-4E806FF5AC90}"
EndProject
Project("{FAE04EC0-301F-11D3-BF4B-00C04F79EFBC}") = "Identity.Domain", "Identity.Domain\Identity.Domain.csproj", "{C3E9A4A0-7D80-485D-BE78-B9010411B4EE}"
EndProject
Project("{FAE04EC0-301F-11D3-BF4B-00C04F79EFBC}") = "Identity.Infrastructure", "Identity.Infrastructure\Identity.Infrastructure.csproj", "{D6CBB1A5-679F-40ED-BB5A-909B390FE66C}"
EndProject
Project("{FAE04EC0-301F-11D3-BF4B-00C04F79EFBC}") = "Identity.Shared", "Identity.Shared\Identity.Shared.csproj", "{52922924-8941-497A-ABAE-33CA81B30C71}"
EndProject
Global
	GlobalSection(SolutionConfigurationPlatforms) = preSolution
		Debug|Any CPU = Debug|Any CPU
		Release|Any CPU = Release|Any CPU
	EndGlobalSection
	GlobalSection(ProjectConfigurationPlatforms) = postSolution
		{25D00EA3-6EB3-4031-9A9C-0B067A68F88F}.Debug|Any CPU.ActiveCfg = Debug|Any CPU
		{25D00EA3-6EB3-4031-9A9C-0B067A68F88F}.Debug|Any CPU.Build.0 = Debug|Any CPU
		{25D00EA3-6EB3-4031-9A9C-0B067A68F88F}.Release|Any CPU.ActiveCfg = Release|Any CPU
		{25D00EA3-6EB3-4031-9A9C-0B067A68F88F}.Release|Any CPU.Build.0 = Release|Any CPU
		{0C3EBAFB-11DA-45C6-9DB3-7EEF05BE579D}.Debug|Any CPU.ActiveCfg = Debug|Any CPU
		{0C3EBAFB-11DA-45C6-9DB3-7EEF05BE579D}.Debug|Any CPU.Build.0 = Debug|Any CPU
		{0C3EBAFB-11DA-45C6-9DB3-7EEF05BE579D}.Release|Any CPU.ActiveCfg = Release|Any CPU
		{0C3EBAFB-11DA-45C6-9DB3-7EEF05BE579D}.Release|Any CPU.Build.0 = Release|Any CPU
		{20D4B87D-377E-437D-9073-5485F62FEEFB}.Debug|Any CPU.ActiveCfg = Debug|Any CPU
		{20D4B87D-377E-437D-9073-5485F62FEEFB}.Debug|Any CPU.Build.0 = Debug|Any CPU
		{20D4B87D-377E-437D-9073-5485F62FEEFB}.Release|Any CPU.ActiveCfg = Release|Any CPU
		{20D4B87D-377E-437D-9073-5485F62FEEFB}.Release|Any CPU.Build.0 = Release|Any CPU
		{3FEAD9C4-7809-4081-8AC9-222F48957040}.Debug|Any CPU.ActiveCfg = Debug|Any CPU
		{3FEAD9C4-7809-4081-8AC9-222F48957040}.Debug|Any CPU.Build.0 = Debug|Any CPU
		{3FEAD9C4-7809-4081-8AC9-222F48957040}.Release|Any CPU.ActiveCfg = Release|Any CPU
		{3FEAD9C4-7809-4081-8AC9-222F48957040}.Release|Any CPU.Build.0 = Release|Any CPU
		{0A0194F5-E096-42D5-B0B6-97526C57ABC8}.Debug|Any CPU.ActiveCfg = Debug|Any CPU
		{0A0194F5-E096-42D5-B0B6-97526C57ABC8}.Debug|Any CPU.Build.0 = Debug|Any CPU
		{0A0194F5-E096-42D5-B0B6-97526C57ABC8}.Release|Any CPU.ActiveCfg = Release|Any CPU
		{0A0194F5-E096-42D5-B0B6-97526C57ABC8}.Release|Any CPU.Build.0 = Release|Any CPU
		{5096705C-8F7C-4DA8-BBD3-9E0FBC84FB91}.Debug|Any CPU.ActiveCfg = Debug|Any CPU
		{5096705C-8F7C-4DA8-BBD3-9E0FBC84FB91}.Debug|Any CPU.Build.0 = Debug|Any CPU
		{5096705C-8F7C-4DA8-BBD3-9E0FBC84FB91}.Release|Any CPU.ActiveCfg = Release|Any CPU
		{5096705C-8F7C-4DA8-BBD3-9E0FBC84FB91}.Release|Any CPU.Build.0 = Release|Any CPU
		{54FAD55F-2A7D-4EA0-92D0-31C2991EB791}.Debug|Any CPU.ActiveCfg = Debug|Any CPU
		{54FAD55F-2A7D-4EA0-92D0-31C2991EB791}.Debug|Any CPU.Build.0 = Debug|Any CPU
		{54FAD55F-2A7D-4EA0-92D0-31C2991EB791}.Release|Any CPU.ActiveCfg = Release|Any CPU
		{54FAD55F-2A7D-4EA0-92D0-31C2991EB791}.Release|Any CPU.Build.0 = Release|Any CPU
		{C79A2C63-EC5A-4175-B83F-5E2B423B1D6B}.Debug|Any CPU.ActiveCfg = Debug|Any CPU
		{C79A2C63-EC5A-4175-B83F-5E2B423B1D6B}.Debug|Any CPU.Build.0 = Debug|Any CPU
		{C79A2C63-EC5A-4175-B83F-5E2B423B1D6B}.Release|Any CPU.ActiveCfg = Release|Any CPU
		{C79A2C63-EC5A-4175-B83F-5E2B423B1D6B}.Release|Any CPU.Build.0 = Release|Any CPU
		{90CB44A3-33C7-4E50-B364-4E806FF5AC90}.Debug|Any CPU.ActiveCfg = Debug|Any CPU
		{90CB44A3-33C7-4E50-B364-4E806FF5AC90}.Debug|Any CPU.Build.0 = Debug|Any CPU
		{90CB44A3-33C7-4E50-B364-4E806FF5AC90}.Release|Any CPU.ActiveCfg = Release|Any CPU
		{90CB44A3-33C7-4E50-B364-4E806FF5AC90}.Release|Any CPU.Build.0 = Release|Any CPU
		{C3E9A4A0-7D80-485D-BE78-B9010411B4EE}.Debug|Any CPU.ActiveCfg = Debug|Any CPU
		{C3E9A4A0-7D80-485D-BE78-B9010411B4EE}.Debug|Any CPU.Build.0 = Debug|Any CPU
		{C3E9A4A0-7D80-485D-BE78-B9010411B4EE}.Release|Any CPU.ActiveCfg = Release|Any CPU
		{C3E9A4A0-7D80-485D-BE78-B9010411B4EE}.Release|Any CPU.Build.0 = Release|Any CPU
		{D6CBB1A5-679F-40ED-BB5A-909B390FE66C}.Debug|Any CPU.ActiveCfg = Debug|Any CPU
		{D6CBB1A5-679F-40ED-BB5A-909B390FE66C}.Debug|Any CPU.Build.0 = Debug|Any CPU
		{D6CBB1A5-679F-40ED-BB5A-909B390FE66C}.Release|Any CPU.ActiveCfg = Release|Any CPU
		{D6CBB1A5-679F-40ED-BB5A-909B390FE66C}.Release|Any CPU.Build.0 = Release|Any CPU
		{52922924-8941-497A-ABAE-33CA81B30C71}.Debug|Any CPU.ActiveCfg = Debug|Any CPU
		{52922924-8941-497A-ABAE-33CA81B30C71}.Debug|Any CPU.Build.0 = Debug|Any CPU
		{52922924-8941-497A-ABAE-33CA81B30C71}.Release|Any CPU.ActiveCfg = Release|Any CPU
		{52922924-8941-497A-ABAE-33CA81B30C71}.Release|Any CPU.Build.0 = Release|Any CPU
	EndGlobalSection
	GlobalSection(SolutionProperties) = preSolution
		HideSolutionNode = FALSE
	EndGlobalSection
	GlobalSection(NestedProjects) = preSolution
		{2A4BDB98-5E92-4B2D-9FC6-47CBE8A9247E} = {02EA681E-C7D8-13C7-8484-4AC65E1B71E8}
		{C35694A4-E9E8-483A-BA9E-A3B9B6460A6E} = {02EA681E-C7D8-13C7-8484-4AC65E1B71E8}
		{FC7D91B7-54E5-4481-B6EE-EE269BCA1426} = {02EA681E-C7D8-13C7-8484-4AC65E1B71E8}
		{48C99353-5EF4-4CC3-BAF5-CF12B6FD2EFF} = {02EA681E-C7D8-13C7-8484-4AC65E1B71E8}
		{9F317D16-4851-456C-8437-4D08DE9B924B} = {02EA681E-C7D8-13C7-8484-4AC65E1B71E8}
		{92FDD71A-4CA4-4311-8731-7374077AF899} = {02EA681E-C7D8-13C7-8484-4AC65E1B71E8}
		{FABB8779-A923-4BAB-9F74-1B7C1162AACE} = {02EA681E-C7D8-13C7-8484-4AC65E1B71E8}
		{A34C38B2-13B1-4069-B338-E88963DBA04C} = {02EA681E-C7D8-13C7-8484-4AC65E1B71E8}
		{25D00EA3-6EB3-4031-9A9C-0B067A68F88F} = {2A4BDB98-5E92-4B2D-9FC6-47CBE8A9247E}
		{0C3EBAFB-11DA-45C6-9DB3-7EEF05BE579D} = {48C99353-5EF4-4CC3-BAF5-CF12B6FD2EFF}
		{20D4B87D-377E-437D-9073-5485F62FEEFB} = {92FDD71A-4CA4-4311-8731-7374077AF899}
		{3FEAD9C4-7809-4081-8AC9-222F48957040} = {9F317D16-4851-456C-8437-4D08DE9B924B}
		{0A0194F5-E096-42D5-B0B6-97526C57ABC8} = {C35694A4-E9E8-483A-BA9E-A3B9B6460A6E}
		{5096705C-8F7C-4DA8-BBD3-9E0FBC84FB91} = {FABB8779-A923-4BAB-9F74-1B7C1162AACE}
		{54FAD55F-2A7D-4EA0-92D0-31C2991EB791} = {FC7D91B7-54E5-4481-B6EE-EE269BCA1426}
		{C79A2C63-EC5A-4175-B83F-5E2B423B1D6B} = {A34C38B2-13B1-4069-B338-E88963DBA04C}
		{90CB44A3-33C7-4E50-B364-4E806FF5AC90} = {2A4BDB98-5E92-4B2D-9FC6-47CBE8A9247E}
		{C3E9A4A0-7D80-485D-BE78-B9010411B4EE} = {2A4BDB98-5E92-4B2D-9FC6-47CBE8A9247E}
		{D6CBB1A5-679F-40ED-BB5A-909B390FE66C} = {2A4BDB98-5E92-4B2D-9FC6-47CBE8A9247E}
		{52922924-8941-497A-ABAE-33CA81B30C71} = {2A4BDB98-5E92-4B2D-9FC6-47CBE8A9247E}
	EndGlobalSection
	GlobalSection(ExtensibilityGlobals) = postSolution
		SolutionGuid = {31D77C79-66D4-4AE8-8669-09FB7C4DA2E3}
	EndGlobalSection
EndGlobal
