
Microsoft Visual Studio Solution File, Format Version 12.00
# Visual Studio Version 17
VisualStudioVersion = 17.14.36623.8 d17.14
MinimumVisualStudioVersion = 10.0.40219.1
Project("{2150E333-8FDC-42A3-9474-1A3956D46DE8}") = "Services", "Services", "{02EA681E-C7D8-13C7-8484-4AC65E1B71E8}"
EndProject
Project("{2150E333-8FDC-42A3-9474-1A3956D46DE8}") = "Identity", "Identity", "{2A4BDB98-5E92-4B2D-9FC6-47CBE8A9247E}"
EndProject
Project("{2150E333-8FDC-42A3-9474-1A3956D46DE8}") = "UserProfile", "UserProfile", "{C35694A4-E9E8-483A-BA9E-A3B9B6460A6E}"
EndProject
Project("{2150E333-8FDC-42A3-9474-1A3956D46DE8}") = "WorkoutCatalog", "WorkoutCatalog", "{FC7D91B7-54E5-4481-B6EE-EE269BCA1426}"
EndProject
Project("{2150E333-8FDC-42A3-9474-1A3956D46DE8}") = "Notifications", "Notifications", "{48C99353-5EF4-4CC3-BAF5-CF12B6FD2EFF}"
EndProject
Project("{2150E333-8FDC-42A3-9474-1A3956D46DE8}") = "Reports", "Reports", "{9F317D16-4851-456C-8437-4D08DE9B924B}"
EndProject
Project("{2150E333-8FDC-42A3-9474-1A3956D46DE8}") = "Nutrition", "Nutrition", "{92FDD71A-4CA4-4311-8731-7374077AF899}"
EndProject
Project("{2150E333-8FDC-42A3-9474-1A3956D46DE8}") = "UserTrainingTracking", "UserTrainingTracking", "{FABB8779-A923-4BAB-9F74-1B7C1162AACE}"
EndProject
Project("{2150E333-8FDC-42A3-9474-1A3956D46DE8}") = "APIgateway", "APIgateway", "{A34C38B2-13B1-4069-B338-E88963DBA04C}"
EndProject
Project("{FAE04EC0-301F-11D3-BF4B-00C04F79EFBC}") = "Identity.Api", "Identity.Api\Identity.Api.csproj", "{25D00EA3-6EB3-4031-9A9C-0B067A68F88F}"
EndProject
Global
	GlobalSection(SolutionConfigurationPlatforms) = preSolution
		Debug|Any CPU = Debug|Any CPU
		Release|Any CPU = Release|Any CPU
	EndGlobalSection
	GlobalSection(ProjectConfigurationPlatforms) = postSolution
		{25D00EA3-6EB3-4031-9A9C-0B067A68F88F}.Debug|Any CPU.ActiveCfg = Debug|Any CPU
		{25D00EA3-6EB3-4031-9A9C-0B067A68F88F}.Debug|Any CPU.Build.0 = Debug|Any CPU
		{25D00EA3-6EB3-4031-9A9C-0B067A68F88F}.Release|Any CPU.ActiveCfg = Release|Any CPU
		{25D00EA3-6EB3-4031-9A9C-0B067A68F88F}.Release|Any CPU.Build.0 = Release|Any CPU
	EndGlobalSection
	GlobalSection(SolutionProperties) = preSolution
		HideSolutionNode = FALSE
	EndGlobalSection
	GlobalSection(NestedProjects) = preSolution
		{2A4BDB98-5E92-4B2D-9FC6-47CBE8A9247E} = {02EA681E-C7D8-13C7-8484-4AC65E1B71E8}
		{C35694A4-E9E8-483A-BA9E-A3B9B6460A6E} = {02EA681E-C7D8-13C7-8484-4AC65E1B71E8}
		{FC7D91B7-54E5-4481-B6EE-EE269BCA1426} = {02EA681E-C7D8-13C7-8484-4AC65E1B71E8}
		{48C99353-5EF4-4CC3-BAF5-CF12B6FD2EFF} = {02EA681E-C7D8-13C7-8484-4AC65E1B71E8}
		{9F317D16-4851-456C-8437-4D08DE9B924B} = {02EA681E-C7D8-13C7-8484-4AC65E1B71E8}
		{92FDD71A-4CA4-4311-8731-7374077AF899} = {02EA681E-C7D8-13C7-8484-4AC65E1B71E8}
		{FABB8779-A923-4BAB-9F74-1B7C1162AACE} = {02EA681E-C7D8-13C7-8484-4AC65E1B71E8}
		{A34C38B2-13B1-4069-B338-E88963DBA04C} = {02EA681E-C7D8-13C7-8484-4AC65E1B71E8}
		{25D00EA3-6EB3-4031-9A9C-0B067A68F88F} = {2A4BDB98-5E92-4B2D-9FC6-47CBE8A9247E}
	EndGlobalSection
	GlobalSection(ExtensibilityGlobals) = postSolution
		SolutionGuid = {31D77C79-66D4-4AE8-8669-09FB7C4DA2E3}
	EndGlobalSection
EndGlobal
